// !$*UTF8*$!
{
	archiveVersion = 1;
	classes = {
	};
	objectVersion = 50;
	objects = {

/* Begin PBXBuildFile section */
		63AC4B9225D7E30000FBCA3D /* AppDelegate.swift in Sources */ = {isa = PBXBuildFile; fileRef = 63AC4B9125D7E30000FBCA3D /* AppDelegate.swift */; };
		63AC4B9625D7E30000FBCA3D /* MainViewController.swift in Sources */ = {isa = PBXBuildFile; fileRef = 63AC4B9525D7E30000FBCA3D /* MainViewController.swift */; };
		63AC4B9925D7E30000FBCA3D /* Main.storyboard in Resources */ = {isa = PBXBuildFile; fileRef = 63AC4B9725D7E30000FBCA3D /* Main.storyboard */; };
		63AC4B9B25D7E30200FBCA3D /* Assets.xcassets in Resources */ = {isa = PBXBuildFile; fileRef = 63AC4B9A25D7E30200FBCA3D /* Assets.xcassets */; };
		63AC4B9E25D7E30200FBCA3D /* LaunchScreen.storyboard in Resources */ = {isa = PBXBuildFile; fileRef = 63AC4B9C25D7E30200FBCA3D /* LaunchScreen.storyboard */; };
		63AC4BA925D7E30200FBCA3D /* QulixSystemsTestTaskTests.swift in Sources */ = {isa = PBXBuildFile; fileRef = 63AC4BA825D7E30200FBCA3D /* QulixSystemsTestTaskTests.swift */; };
		63AC4BB425D7E30200FBCA3D /* QulixSystemsTestTaskUITests.swift in Sources */ = {isa = PBXBuildFile; fileRef = 63AC4BB325D7E30200FBCA3D /* QulixSystemsTestTaskUITests.swift */; };
		63AC4BE225D858F100FBCA3D /* ResultInfo.swift in Sources */ = {isa = PBXBuildFile; fileRef = 63AC4BE125D858F100FBCA3D /* ResultInfo.swift */; };
		63AC4BEA25D878B700FBCA3D /* NetworkManager.swift in Sources */ = {isa = PBXBuildFile; fileRef = 63AC4BE925D878B700FBCA3D /* NetworkManager.swift */; };
		63AC4BF225D88CFB00FBCA3D /* PhotoInfoTableViewCell.swift in Sources */ = {isa = PBXBuildFile; fileRef = 63AC4BF025D88CFB00FBCA3D /* PhotoInfoTableViewCell.swift */; };
		63AC4BF325D88CFB00FBCA3D /* PhotoInfoTableViewCell.xib in Resources */ = {isa = PBXBuildFile; fileRef = 63AC4BF125D88CFB00FBCA3D /* PhotoInfoTableViewCell.xib */; };
		63AC4C3D25DB1FD500FBCA3D /* UIViewController+Alert.swift in Sources */ = {isa = PBXBuildFile; fileRef = 63AC4C3C25DB1FD500FBCA3D /* UIViewController+Alert.swift */; };
		63AC4C4625DD9B2900FBCA3D /* DetailViewController.swift in Sources */ = {isa = PBXBuildFile; fileRef = 63AC4C4525DD9B2900FBCA3D /* DetailViewController.swift */; };
		63AC4C4C25DDB51E00FBCA3D /* PhotoInfo.swift in Sources */ = {isa = PBXBuildFile; fileRef = 63AC4C4B25DDB51E00FBCA3D /* PhotoInfo.swift */; };
		63AC4C5225DEA73500FBCA3D /* Localizable.strings in Resources */ = {isa = PBXBuildFile; fileRef = 63AC4C5125DEA73500FBCA3D /* Localizable.strings */; };
		63AC4C5825DEA8F300FBCA3D /* Utils.swift in Sources */ = {isa = PBXBuildFile; fileRef = 63AC4C5725DEA8F300FBCA3D /* Utils.swift */; };
		63AC4C7225DFD29200FBCA3D /* UIView+Utils.swift in Sources */ = {isa = PBXBuildFile; fileRef = 63AC4C7125DFD29200FBCA3D /* UIView+Utils.swift */; };
/* End PBXBuildFile section */

/* Begin PBXContainerItemProxy section */
		63AC4BA525D7E30200FBCA3D /* PBXContainerItemProxy */ = {
			isa = PBXContainerItemProxy;
			containerPortal = 63AC4B8625D7E30000FBCA3D /* Project object */;
			proxyType = 1;
			remoteGlobalIDString = 63AC4B8D25D7E30000FBCA3D;
			remoteInfo = QulixSystemsTestTask;
		};
		63AC4BB025D7E30200FBCA3D /* PBXContainerItemProxy */ = {
			isa = PBXContainerItemProxy;
			containerPortal = 63AC4B8625D7E30000FBCA3D /* Project object */;
			proxyType = 1;
			remoteGlobalIDString = 63AC4B8D25D7E30000FBCA3D;
			remoteInfo = QulixSystemsTestTask;
		};
/* End PBXContainerItemProxy section */

/* Begin PBXFileReference section */
		63AC4B8E25D7E30000FBCA3D /* QulixSystemsTestTask.app */ = {isa = PBXFileReference; explicitFileType = wrapper.application; includeInIndex = 0; path = QulixSystemsTestTask.app; sourceTree = BUILT_PRODUCTS_DIR; };
		63AC4B9125D7E30000FBCA3D /* AppDelegate.swift */ = {isa = PBXFileReference; lastKnownFileType = sourcecode.swift; path = AppDelegate.swift; sourceTree = "<group>"; };
		63AC4B9525D7E30000FBCA3D /* MainViewController.swift */ = {isa = PBXFileReference; lastKnownFileType = sourcecode.swift; path = MainViewController.swift; sourceTree = "<group>"; };
		63AC4B9825D7E30000FBCA3D /* Base */ = {isa = PBXFileReference; lastKnownFileType = file.storyboard; name = Base; path = Base.lproj/Main.storyboard; sourceTree = "<group>"; };
		63AC4B9A25D7E30200FBCA3D /* Assets.xcassets */ = {isa = PBXFileReference; lastKnownFileType = folder.assetcatalog; path = Assets.xcassets; sourceTree = "<group>"; };
		63AC4B9D25D7E30200FBCA3D /* Base */ = {isa = PBXFileReference; lastKnownFileType = file.storyboard; name = Base; path = Base.lproj/LaunchScreen.storyboard; sourceTree = "<group>"; };
		63AC4B9F25D7E30200FBCA3D /* Info.plist */ = {isa = PBXFileReference; lastKnownFileType = text.plist.xml; path = Info.plist; sourceTree = "<group>"; };
		63AC4BA425D7E30200FBCA3D /* QulixSystemsTestTaskTests.xctest */ = {isa = PBXFileReference; explicitFileType = wrapper.cfbundle; includeInIndex = 0; path = QulixSystemsTestTaskTests.xctest; sourceTree = BUILT_PRODUCTS_DIR; };
		63AC4BA825D7E30200FBCA3D /* QulixSystemsTestTaskTests.swift */ = {isa = PBXFileReference; lastKnownFileType = sourcecode.swift; path = QulixSystemsTestTaskTests.swift; sourceTree = "<group>"; };
		63AC4BAA25D7E30200FBCA3D /* Info.plist */ = {isa = PBXFileReference; lastKnownFileType = text.plist.xml; path = Info.plist; sourceTree = "<group>"; };
		63AC4BAF25D7E30200FBCA3D /* QulixSystemsTestTaskUITests.xctest */ = {isa = PBXFileReference; explicitFileType = wrapper.cfbundle; includeInIndex = 0; path = QulixSystemsTestTaskUITests.xctest; sourceTree = BUILT_PRODUCTS_DIR; };
		63AC4BB325D7E30200FBCA3D /* QulixSystemsTestTaskUITests.swift */ = {isa = PBXFileReference; lastKnownFileType = sourcecode.swift; path = QulixSystemsTestTaskUITests.swift; sourceTree = "<group>"; };
		63AC4BB525D7E30200FBCA3D /* Info.plist */ = {isa = PBXFileReference; lastKnownFileType = text.plist.xml; path = Info.plist; sourceTree = "<group>"; };
		63AC4BE125D858F100FBCA3D /* ResultInfo.swift */ = {isa = PBXFileReference; lastKnownFileType = sourcecode.swift; path = ResultInfo.swift; sourceTree = "<group>"; };
		63AC4BE925D878B700FBCA3D /* NetworkManager.swift */ = {isa = PBXFileReference; lastKnownFileType = sourcecode.swift; path = NetworkManager.swift; sourceTree = "<group>"; };
		63AC4BF025D88CFB00FBCA3D /* PhotoInfoTableViewCell.swift */ = {isa = PBXFileReference; lastKnownFileType = sourcecode.swift; path = PhotoInfoTableViewCell.swift; sourceTree = "<group>"; };
		63AC4BF125D88CFB00FBCA3D /* PhotoInfoTableViewCell.xib */ = {isa = PBXFileReference; lastKnownFileType = file.xib; path = PhotoInfoTableViewCell.xib; sourceTree = "<group>"; };
		63AC4C3C25DB1FD500FBCA3D /* UIViewController+Alert.swift */ = {isa = PBXFileReference; lastKnownFileType = sourcecode.swift; path = "UIViewController+Alert.swift"; sourceTree = "<group>"; };
		63AC4C4525DD9B2900FBCA3D /* DetailViewController.swift */ = {isa = PBXFileReference; lastKnownFileType = sourcecode.swift; path = DetailViewController.swift; sourceTree = "<group>"; };
		63AC4C4B25DDB51E00FBCA3D /* PhotoInfo.swift */ = {isa = PBXFileReference; lastKnownFileType = sourcecode.swift; path = PhotoInfo.swift; sourceTree = "<group>"; };
		63AC4C5125DEA73500FBCA3D /* Localizable.strings */ = {isa = PBXFileReference; lastKnownFileType = text.plist.strings; path = Localizable.strings; sourceTree = "<group>"; };
		63AC4C5725DEA8F300FBCA3D /* Utils.swift */ = {isa = PBXFileReference; lastKnownFileType = sourcecode.swift; path = Utils.swift; sourceTree = "<group>"; };
		63AC4C7125DFD29200FBCA3D /* UIView+Utils.swift */ = {isa = PBXFileReference; lastKnownFileType = sourcecode.swift; path = "UIView+Utils.swift"; sourceTree = "<group>"; };
/* End PBXFileReference section */

/* Begin PBXFrameworksBuildPhase section */
		63AC4B8B25D7E30000FBCA3D /* Frameworks */ = {
			isa = PBXFrameworksBuildPhase;
			buildActionMask = 2147483647;
			files = (
			);
			runOnlyForDeploymentPostprocessing = 0;
		};
		63AC4BA125D7E30200FBCA3D /* Frameworks */ = {
			isa = PBXFrameworksBuildPhase;
			buildActionMask = 2147483647;
			files = (
			);
			runOnlyForDeploymentPostprocessing = 0;
		};
		63AC4BAC25D7E30200FBCA3D /* Frameworks */ = {
			isa = PBXFrameworksBuildPhase;
			buildActionMask = 2147483647;
			files = (
			);
			runOnlyForDeploymentPostprocessing = 0;
		};
/* End PBXFrameworksBuildPhase section */

/* Begin PBXGroup section */
		63AC4B8525D7E30000FBCA3D = {
			isa = PBXGroup;
			children = (
				63AC4B9025D7E30000FBCA3D /* QulixSystemsTestTask */,
				63AC4BA725D7E30200FBCA3D /* QulixSystemsTestTaskTests */,
				63AC4BB225D7E30200FBCA3D /* QulixSystemsTestTaskUITests */,
				63AC4B8F25D7E30000FBCA3D /* Products */,
			);
			sourceTree = "<group>";
		};
		63AC4B8F25D7E30000FBCA3D /* Products */ = {
			isa = PBXGroup;
			children = (
				63AC4B8E25D7E30000FBCA3D /* QulixSystemsTestTask.app */,
				63AC4BA425D7E30200FBCA3D /* QulixSystemsTestTaskTests.xctest */,
				63AC4BAF25D7E30200FBCA3D /* QulixSystemsTestTaskUITests.xctest */,
			);
			name = Products;
			sourceTree = "<group>";
		};
		63AC4B9025D7E30000FBCA3D /* QulixSystemsTestTask */ = {
			isa = PBXGroup;
			children = (
				63AC4BE025D858AE00FBCA3D /* Model */,
				63AC4BD925D7EAAF00FBCA3D /* UI */,
				63AC4C5625DEA8C300FBCA3D /* Utils */,
				63AC4B9125D7E30000FBCA3D /* AppDelegate.swift */,
				63AC4B9725D7E30000FBCA3D /* Main.storyboard */,
				63AC4B9A25D7E30200FBCA3D /* Assets.xcassets */,
				63AC4B9C25D7E30200FBCA3D /* LaunchScreen.storyboard */,
				63AC4B9F25D7E30200FBCA3D /* Info.plist */,
				63AC4C5125DEA73500FBCA3D /* Localizable.strings */,
			);
			path = QulixSystemsTestTask;
			sourceTree = "<group>";
		};
		63AC4BA725D7E30200FBCA3D /* QulixSystemsTestTaskTests */ = {
			isa = PBXGroup;
			children = (
				63AC4BA825D7E30200FBCA3D /* QulixSystemsTestTaskTests.swift */,
				63AC4BAA25D7E30200FBCA3D /* Info.plist */,
			);
			path = QulixSystemsTestTaskTests;
			sourceTree = "<group>";
		};
		63AC4BB225D7E30200FBCA3D /* QulixSystemsTestTaskUITests */ = {
			isa = PBXGroup;
			children = (
				63AC4BB325D7E30200FBCA3D /* QulixSystemsTestTaskUITests.swift */,
				63AC4BB525D7E30200FBCA3D /* Info.plist */,
			);
			path = QulixSystemsTestTaskUITests;
			sourceTree = "<group>";
		};
		63AC4BD925D7EAAF00FBCA3D /* UI */ = {
			isa = PBXGroup;
			children = (
				63AC4BF725D88D0900FBCA3D /* VC */,
				63AC4BF825D88D1900FBCA3D /* Cell */,
				63AC4C3C25DB1FD500FBCA3D /* UIViewController+Alert.swift */,
			);
			path = UI;
			sourceTree = "<group>";
		};
		63AC4BE025D858AE00FBCA3D /* Model */ = {
			isa = PBXGroup;
			children = (
				63AC4BE125D858F100FBCA3D /* ResultInfo.swift */,
				63AC4C4B25DDB51E00FBCA3D /* PhotoInfo.swift */,
				63AC4BE925D878B700FBCA3D /* NetworkManager.swift */,
			);
			path = Model;
			sourceTree = "<group>";
		};
		63AC4BF725D88D0900FBCA3D /* VC */ = {
			isa = PBXGroup;
			children = (
				63AC4B9525D7E30000FBCA3D /* MainViewController.swift */,
				63AC4C4525DD9B2900FBCA3D /* DetailViewController.swift */,
			);
			path = VC;
			sourceTree = "<group>";
		};
		63AC4BF825D88D1900FBCA3D /* Cell */ = {
			isa = PBXGroup;
			children = (
				63AC4BF025D88CFB00FBCA3D /* PhotoInfoTableViewCell.swift */,
				63AC4BF125D88CFB00FBCA3D /* PhotoInfoTableViewCell.xib */,
			);
			path = Cell;
			sourceTree = "<group>";
		};
		63AC4C5625DEA8C300FBCA3D /* Utils */ = {
			isa = PBXGroup;
			children = (
				63AC4C5725DEA8F300FBCA3D /* Utils.swift */,
				63AC4C7125DFD29200FBCA3D /* UIView+Utils.swift */,
			);
			path = Utils;
			sourceTree = "<group>";
		};
/* End PBXGroup section */

/* Begin PBXNativeTarget section */
		63AC4B8D25D7E30000FBCA3D /* QulixSystemsTestTask */ = {
			isa = PBXNativeTarget;
			buildConfigurationList = 63AC4BB825D7E30200FBCA3D /* Build configuration list for PBXNativeTarget "QulixSystemsTestTask" */;
			buildPhases = (
				63AC4B8A25D7E30000FBCA3D /* Sources */,
				63AC4B8B25D7E30000FBCA3D /* Frameworks */,
				63AC4B8C25D7E30000FBCA3D /* Resources */,
			);
			buildRules = (
			);
			dependencies = (
			);
			name = QulixSystemsTestTask;
			productName = QulixSystemsTestTask;
			productReference = 63AC4B8E25D7E30000FBCA3D /* QulixSystemsTestTask.app */;
			productType = "com.apple.product-type.application";
		};
		63AC4BA325D7E30200FBCA3D /* QulixSystemsTestTaskTests */ = {
			isa = PBXNativeTarget;
			buildConfigurationList = 63AC4BBB25D7E30200FBCA3D /* Build configuration list for PBXNativeTarget "QulixSystemsTestTaskTests" */;
			buildPhases = (
				63AC4BA025D7E30200FBCA3D /* Sources */,
				63AC4BA125D7E30200FBCA3D /* Frameworks */,
				63AC4BA225D7E30200FBCA3D /* Resources */,
			);
			buildRules = (
			);
			dependencies = (
				63AC4BA625D7E30200FBCA3D /* PBXTargetDependency */,
			);
			name = QulixSystemsTestTaskTests;
			productName = QulixSystemsTestTaskTests;
			productReference = 63AC4BA425D7E30200FBCA3D /* QulixSystemsTestTaskTests.xctest */;
			productType = "com.apple.product-type.bundle.unit-test";
		};
		63AC4BAE25D7E30200FBCA3D /* QulixSystemsTestTaskUITests */ = {
			isa = PBXNativeTarget;
			buildConfigurationList = 63AC4BBE25D7E30200FBCA3D /* Build configuration list for PBXNativeTarget "QulixSystemsTestTaskUITests" */;
			buildPhases = (
				63AC4BAB25D7E30200FBCA3D /* Sources */,
				63AC4BAC25D7E30200FBCA3D /* Frameworks */,
				63AC4BAD25D7E30200FBCA3D /* Resources */,
			);
			buildRules = (
			);
			dependencies = (
				63AC4BB125D7E30200FBCA3D /* PBXTargetDependency */,
			);
			name = QulixSystemsTestTaskUITests;
			productName = QulixSystemsTestTaskUITests;
			productReference = 63AC4BAF25D7E30200FBCA3D /* QulixSystemsTestTaskUITests.xctest */;
			productType = "com.apple.product-type.bundle.ui-testing";
		};
/* End PBXNativeTarget section */

/* Begin PBXProject section */
		63AC4B8625D7E30000FBCA3D /* Project object */ = {
			isa = PBXProject;
			attributes = {
				LastSwiftUpdateCheck = 1240;
				LastUpgradeCheck = 1240;
				TargetAttributes = {
					63AC4B8D25D7E30000FBCA3D = {
						CreatedOnToolsVersion = 12.4;
					};
					63AC4BA325D7E30200FBCA3D = {
						CreatedOnToolsVersion = 12.4;
						TestTargetID = 63AC4B8D25D7E30000FBCA3D;
					};
					63AC4BAE25D7E30200FBCA3D = {
						CreatedOnToolsVersion = 12.4;
						TestTargetID = 63AC4B8D25D7E30000FBCA3D;
					};
				};
			};
			buildConfigurationList = 63AC4B8925D7E30000FBCA3D /* Build configuration list for PBXProject "QulixSystemsTestTask" */;
			compatibilityVersion = "Xcode 9.3";
			developmentRegion = en;
			hasScannedForEncodings = 0;
			knownRegions = (
				en,
				Base,
			);
			mainGroup = 63AC4B8525D7E30000FBCA3D;
			productRefGroup = 63AC4B8F25D7E30000FBCA3D /* Products */;
			projectDirPath = "";
			projectRoot = "";
			targets = (
				63AC4B8D25D7E30000FBCA3D /* QulixSystemsTestTask */,
				63AC4BA325D7E30200FBCA3D /* QulixSystemsTestTaskTests */,
				63AC4BAE25D7E30200FBCA3D /* QulixSystemsTestTaskUITests */,
			);
		};
/* End PBXProject section */

/* Begin PBXResourcesBuildPhase section */
		63AC4B8C25D7E30000FBCA3D /* Resources */ = {
			isa = PBXResourcesBuildPhase;
			buildActionMask = 2147483647;
			files = (
				63AC4C5225DEA73500FBCA3D /* Localizable.strings in Resources */,
				63AC4BF325D88CFB00FBCA3D /* PhotoInfoTableViewCell.xib in Resources */,
				63AC4B9E25D7E30200FBCA3D /* LaunchScreen.storyboard in Resources */,
				63AC4B9B25D7E30200FBCA3D /* Assets.xcassets in Resources */,
				63AC4B9925D7E30000FBCA3D /* Main.storyboard in Resources */,
			);
			runOnlyForDeploymentPostprocessing = 0;
		};
		63AC4BA225D7E30200FBCA3D /* Resources */ = {
			isa = PBXResourcesBuildPhase;
			buildActionMask = 2147483647;
			files = (
			);
			runOnlyForDeploymentPostprocessing = 0;
		};
		63AC4BAD25D7E30200FBCA3D /* Resources */ = {
			isa = PBXResourcesBuildPhase;
			buildActionMask = 2147483647;
			files = (
			);
			runOnlyForDeploymentPostprocessing = 0;
		};
/* End PBXResourcesBuildPhase section */

/* Begin PBXSourcesBuildPhase section */
		63AC4B8A25D7E30000FBCA3D /* Sources */ = {
			isa = PBXSourcesBuildPhase;
			buildActionMask = 2147483647;
			files = (
				63AC4C4C25DDB51E00FBCA3D /* PhotoInfo.swift in Sources */,
				63AC4B9625D7E30000FBCA3D /* MainViewController.swift in Sources */,
				63AC4C7225DFD29200FBCA3D /* UIView+Utils.swift in Sources */,
				63AC4B9225D7E30000FBCA3D /* AppDelegate.swift in Sources */,
				63AC4BF225D88CFB00FBCA3D /* PhotoInfoTableViewCell.swift in Sources */,
				63AC4BEA25D878B700FBCA3D /* NetworkManager.swift in Sources */,
				63AC4C5825DEA8F300FBCA3D /* Utils.swift in Sources */,
				63AC4BE225D858F100FBCA3D /* ResultInfo.swift in Sources */,
				63AC4C3D25DB1FD500FBCA3D /* UIViewController+Alert.swift in Sources */,
				63AC4C4625DD9B2900FBCA3D /* DetailViewController.swift in Sources */,
			);
			runOnlyForDeploymentPostprocessing = 0;
		};
		63AC4BA025D7E30200FBCA3D /* Sources */ = {
			isa = PBXSourcesBuildPhase;
			buildActionMask = 2147483647;
			files = (
				63AC4BA925D7E30200FBCA3D /* QulixSystemsTestTaskTests.swift in Sources */,
			);
			runOnlyForDeploymentPostprocessing = 0;
		};
		63AC4BAB25D7E30200FBCA3D /* Sources */ = {
			isa = PBXSourcesBuildPhase;
			buildActionMask = 2147483647;
			files = (
				63AC4BB425D7E30200FBCA3D /* QulixSystemsTestTaskUITests.swift in Sources */,
			);
			runOnlyForDeploymentPostprocessing = 0;
		};
/* End PBXSourcesBuildPhase section */

/* Begin PBXTargetDependency section */
		63AC4BA625D7E30200FBCA3D /* PBXTargetDependency */ = {
			isa = PBXTargetDependency;
			target = 63AC4B8D25D7E30000FBCA3D /* QulixSystemsTestTask */;
			targetProxy = 63AC4BA525D7E30200FBCA3D /* PBXContainerItemProxy */;
		};
		63AC4BB125D7E30200FBCA3D /* PBXTargetDependency */ = {
			isa = PBXTargetDependency;
			target = 63AC4B8D25D7E30000FBCA3D /* QulixSystemsTestTask */;
			targetProxy = 63AC4BB025D7E30200FBCA3D /* PBXContainerItemProxy */;
		};
/* End PBXTargetDependency section */

/* Begin PBXVariantGroup section */
		63AC4B9725D7E30000FBCA3D /* Main.storyboard */ = {
			isa = PBXVariantGroup;
			children = (
				63AC4B9825D7E30000FBCA3D /* Base */,
			);
			name = Main.storyboard;
			sourceTree = "<group>";
		};
		63AC4B9C25D7E30200FBCA3D /* LaunchScreen.storyboard */ = {
			isa = PBXVariantGroup;
			children = (
				63AC4B9D25D7E30200FBCA3D /* Base */,
			);
			name = LaunchScreen.storyboard;
			sourceTree = "<group>";
		};
/* End PBXVariantGroup section */

/* Begin XCBuildConfiguration section */
		63AC4BB625D7E30200FBCA3D /* Debug */ = {
			isa = XCBuildConfiguration;
			buildSettings = {
				ALWAYS_SEARCH_USER_PATHS = NO;
				CLANG_ANALYZER_NONNULL = YES;
				CLANG_ANALYZER_NUMBER_OBJECT_CONVERSION = YES_AGGRESSIVE;
				CLANG_CXX_LANGUAGE_STANDARD = "gnu++14";
				CLANG_CXX_LIBRARY = "libc++";
				CLANG_ENABLE_MODULES = YES;
				CLANG_ENABLE_OBJC_ARC = YES;
				CLANG_ENABLE_OBJC_WEAK = YES;
				CLANG_WARN_BLOCK_CAPTURE_AUTORELEASING = YES;
				CLANG_WARN_BOOL_CONVERSION = YES;
				CLANG_WARN_COMMA = YES;
				CLANG_WARN_CONSTANT_CONVERSION = YES;
				CLANG_WARN_DEPRECATED_OBJC_IMPLEMENTATIONS = YES;
				CLANG_WARN_DIRECT_OBJC_ISA_USAGE = YES_ERROR;
				CLANG_WARN_DOCUMENTATION_COMMENTS = YES;
				CLANG_WARN_EMPTY_BODY = YES;
				CLANG_WARN_ENUM_CONVERSION = YES;
				CLANG_WARN_INFINITE_RECURSION = YES;
				CLANG_WARN_INT_CONVERSION = YES;
				CLANG_WARN_NON_LITERAL_NULL_CONVERSION = YES;
				CLANG_WARN_OBJC_IMPLICIT_RETAIN_SELF = YES;
				CLANG_WARN_OBJC_LITERAL_CONVERSION = YES;
				CLANG_WARN_OBJC_ROOT_CLASS = YES_ERROR;
				CLANG_WARN_QUOTED_INCLUDE_IN_FRAMEWORK_HEADER = YES;
				CLANG_WARN_RANGE_LOOP_ANALYSIS = YES;
				CLANG_WARN_STRICT_PROTOTYPES = YES;
				CLANG_WARN_SUSPICIOUS_MOVE = YES;
				CLANG_WARN_UNGUARDED_AVAILABILITY = YES_AGGRESSIVE;
				CLANG_WARN_UNREACHABLE_CODE = YES;
				CLANG_WARN__DUPLICATE_METHOD_MATCH = YES;
				COPY_PHASE_STRIP = NO;
				DEBUG_INFORMATION_FORMAT = dwarf;
				ENABLE_STRICT_OBJC_MSGSEND = YES;
				ENABLE_TESTABILITY = YES;
				GCC_C_LANGUAGE_STANDARD = gnu11;
				GCC_DYNAMIC_NO_PIC = NO;
				GCC_NO_COMMON_BLOCKS = YES;
				GCC_OPTIMIZATION_LEVEL = 0;
				GCC_PREPROCESSOR_DEFINITIONS = (
					"DEBUG=1",
					"$(inherited)",
				);
				GCC_WARN_64_TO_32_BIT_CONVERSION = YES;
				GCC_WARN_ABOUT_RETURN_TYPE = YES_ERROR;
				GCC_WARN_UNDECLARED_SELECTOR = YES;
				GCC_WARN_UNINITIALIZED_AUTOS = YES_AGGRESSIVE;
				GCC_WARN_UNUSED_FUNCTION = YES;
				GCC_WARN_UNUSED_VARIABLE = YES;
				IPHONEOS_DEPLOYMENT_TARGET = 11.0;
				MTL_ENABLE_DEBUG_INFO = INCLUDE_SOURCE;
				MTL_FAST_MATH = YES;
				ONLY_ACTIVE_ARCH = YES;
				SDKROOT = iphoneos;
				SWIFT_ACTIVE_COMPILATION_CONDITIONS = DEBUG;
				SWIFT_OPTIMIZATION_LEVEL = "-Onone";
			};
			name = Debug;
		};
		63AC4BB725D7E30200FBCA3D /* Release */ = {
			isa = XCBuildConfiguration;
			buildSettings = {
				ALWAYS_SEARCH_USER_PATHS = NO;
				CLANG_ANALYZER_NONNULL = YES;
				CLANG_ANALYZER_NUMBER_OBJECT_CONVERSION = YES_AGGRESSIVE;
				CLANG_CXX_LANGUAGE_STANDARD = "gnu++14";
				CLANG_CXX_LIBRARY = "libc++";
				CLANG_ENABLE_MODULES = YES;
				CLANG_ENABLE_OBJC_ARC = YES;
				CLANG_ENABLE_OBJC_WEAK = YES;
				CLANG_WARN_BLOCK_CAPTURE_AUTORELEASING = YES;
				CLANG_WARN_BOOL_CONVERSION = YES;
				CLANG_WARN_COMMA = YES;
				CLANG_WARN_CONSTANT_CONVERSION = YES;
				CLANG_WARN_DEPRECATED_OBJC_IMPLEMENTATIONS = YES;
				CLANG_WARN_DIRECT_OBJC_ISA_USAGE = YES_ERROR;
				CLANG_WARN_DOCUMENTATION_COMMENTS = YES;
				CLANG_WARN_EMPTY_BODY = YES;
				CLANG_WARN_ENUM_CONVERSION = YES;
				CLANG_WARN_INFINITE_RECURSION = YES;
				CLANG_WARN_INT_CONVERSION = YES;
				CLANG_WARN_NON_LITERAL_NULL_CONVERSION = YES;
				CLANG_WARN_OBJC_IMPLICIT_RETAIN_SELF = YES;
				CLANG_WARN_OBJC_LITERAL_CONVERSION = YES;
				CLANG_WARN_OBJC_ROOT_CLASS = YES_ERROR;
				CLANG_WARN_QUOTED_INCLUDE_IN_FRAMEWORK_HEADER = YES;
				CLANG_WARN_RANGE_LOOP_ANALYSIS = YES;
				CLANG_WARN_STRICT_PROTOTYPES = YES;
				CLANG_WARN_SUSPICIOUS_MOVE = YES;
				CLANG_WARN_UNGUARDED_AVAILABILITY = YES_AGGRESSIVE;
				CLANG_WARN_UNREACHABLE_CODE = YES;
				CLANG_WARN__DUPLICATE_METHOD_MATCH = YES;
				COPY_PHASE_STRIP = NO;
				DEBUG_INFORMATION_FORMAT = "dwarf-with-dsym";
				ENABLE_NS_ASSERTIONS = NO;
				ENABLE_STRICT_OBJC_MSGSEND = YES;
				GCC_C_LANGUAGE_STANDARD = gnu11;
				GCC_NO_COMMON_BLOCKS = YES;
				GCC_WARN_64_TO_32_BIT_CONVERSION = YES;
				GCC_WARN_ABOUT_RETURN_TYPE = YES_ERROR;
				GCC_WARN_UNDECLARED_SELECTOR = YES;
				GCC_WARN_UNINITIALIZED_AUTOS = YES_AGGRESSIVE;
				GCC_WARN_UNUSED_FUNCTION = YES;
				GCC_WARN_UNUSED_VARIABLE = YES;
				IPHONEOS_DEPLOYMENT_TARGET = 11.0;
				MTL_ENABLE_DEBUG_INFO = NO;
				MTL_FAST_MATH = YES;
				SDKROOT = iphoneos;
				SWIFT_COMPILATION_MODE = wholemodule;
				SWIFT_OPTIMIZATION_LEVEL = "-O";
				VALIDATE_PRODUCT = YES;
			};
			name = Release;
		};
		63AC4BB925D7E30200FBCA3D /* Debug */ = {
			isa = XCBuildConfiguration;
			buildSettings = {
				ASSETCATALOG_COMPILER_APPICON_NAME = AppIcon;
				ASSETCATALOG_COMPILER_GLOBAL_ACCENT_COLOR_NAME = AccentColor;
				CODE_SIGN_STYLE = Automatic;
				DEVELOPMENT_TEAM = T8X5P82BMG;
				INFOPLIST_FILE = QulixSystemsTestTask/Info.plist;
				IPHONEOS_DEPLOYMENT_TARGET = 11.0;
				LD_RUNPATH_SEARCH_PATHS = (
					"$(inherited)",
					"@executable_path/Frameworks",
				);
				PRODUCT_BUNDLE_IDENTIFIER = by.marVkus.QulixSystemsTestTask;
				PRODUCT_NAME = "$(TARGET_NAME)";
				SWIFT_VERSION = 5.0;
				TARGETED_DEVICE_FAMILY = "1,2";
			};
			name = Debug;
		};
		63AC4BBA25D7E30200FBCA3D /* Release */ = {
			isa = XCBuildConfiguration;
			buildSettings = {
				ASSETCATALOG_COMPILER_APPICON_NAME = AppIcon;
				ASSETCATALOG_COMPILER_GLOBAL_ACCENT_COLOR_NAME = AccentColor;
				CODE_SIGN_STYLE = Automatic;
				DEVELOPMENT_TEAM = T8X5P82BMG;
				INFOPLIST_FILE = QulixSystemsTestTask/Info.plist;
				IPHONEOS_DEPLOYMENT_TARGET = 11.0;
				LD_RUNPATH_SEARCH_PATHS = (
					"$(inherited)",
					"@executable_path/Frameworks",
				);
				PRODUCT_BUNDLE_IDENTIFIER = by.marVkus.QulixSystemsTestTask;
				PRODUCT_NAME = "$(TARGET_NAME)";
				SWIFT_VERSION = 5.0;
				TARGETED_DEVICE_FAMILY = "1,2";
			};
			name = Release;
		};
		63AC4BBC25D7E30200FBCA3D /* Debug */ = {
			isa = XCBuildConfiguration;
			buildSettings = {
				ALWAYS_EMBED_SWIFT_STANDARD_LIBRARIES = YES;
				BUNDLE_LOADER = "$(TEST_HOST)";
				CODE_SIGN_STYLE = Automatic;
				DEVELOPMENT_TEAM = T8X5P82BMG;
				INFOPLIST_FILE = QulixSystemsTestTaskTests/Info.plist;
				IPHONEOS_DEPLOYMENT_TARGET = 14.4;
				LD_RUNPATH_SEARCH_PATHS = (
					"$(inherited)",
					"@executable_path/Frameworks",
					"@loader_path/Frameworks",
				);
				PRODUCT_BUNDLE_IDENTIFIER = by.marVkus.QulixSystemsTestTaskTests;
				PRODUCT_NAME = "$(TARGET_NAME)";
				SWIFT_VERSION = 5.0;
				TARGETED_DEVICE_FAMILY = "1,2";
				TEST_HOST = "$(BUILT_PRODUCTS_DIR)/QulixSystemsTestTask.app/QulixSystemsTestTask";
			};
			name = Debug;
		};
		63AC4BBD25D7E30200FBCA3D /* Release */ = {
			isa = XCBuildConfiguration;
			buildSettings = {
				ALWAYS_EMBED_SWIFT_STANDARD_LIBRARIES = YES;
				BUNDLE_LOADER = "$(TEST_HOST)";
				CODE_SIGN_STYLE = Automatic;
				DEVELOPMENT_TEAM = T8X5P82BMG;
				INFOPLIST_FILE = QulixSystemsTestTaskTests/Info.plist;
				IPHONEOS_DEPLOYMENT_TARGET = 14.4;
				LD_RUNPATH_SEARCH_PATHS = (
					"$(inherited)",
					"@executable_path/Frameworks",
					"@loader_path/Frameworks",
				);
				PRODUCT_BUNDLE_IDENTIFIER = by.marVkus.QulixSystemsTestTaskTests;
				PRODUCT_NAME = "$(TARGET_NAME)";
				SWIFT_VERSION = 5.0;
				TARGETED_DEVICE_FAMILY = "1,2";
				TEST_HOST = "$(BUILT_PRODUCTS_DIR)/QulixSystemsTestTask.app/QulixSystemsTestTask";
			};
			name = Release;
		};
		63AC4BBF25D7E30200FBCA3D /* Debug */ = {
			isa = XCBuildConfiguration;
			buildSettings = {
				ALWAYS_EMBED_SWIFT_STANDARD_LIBRARIES = YES;
				CODE_SIGN_STYLE = Automatic;
				DEVELOPMENT_TEAM = T8X5P82BMG;
				INFOPLIST_FILE = QulixSystemsTestTaskUITests/Info.plist;
				LD_RUNPATH_SEARCH_PATHS = (
					"$(inherited)",
					"@executable_path/Frameworks",
					"@loader_path/Frameworks",
				);
				PRODUCT_BUNDLE_IDENTIFIER = by.marVkus.QulixSystemsTestTaskUITests;
				PRODUCT_NAME = "$(TARGET_NAME)";
				SWIFT_VERSION = 5.0;
				TARGETED_DEVICE_FAMILY = "1,2";
				TEST_TARGET_NAME = QulixSystemsTestTask;
			};
			name = Debug;
		};
		63AC4BC025D7E30200FBCA3D /* Release */ = {
			isa = XCBuildConfiguration;
			buildSettings = {
				ALWAYS_EMBED_SWIFT_STANDARD_LIBRARIES = YES;
				CODE_SIGN_STYLE = Automatic;
				DEVELOPMENT_TEAM = T8X5P82BMG;
				INFOPLIST_FILE = QulixSystemsTestTaskUITests/Info.plist;
				LD_RUNPATH_SEARCH_PATHS = (
					"$(inherited)",
					"@executable_path/Frameworks",
					"@loader_path/Frameworks",
				);
				PRODUCT_BUNDLE_IDENTIFIER = by.marVkus.QulixSystemsTestTaskUITests;
				PRODUCT_NAME = "$(TARGET_NAME)";
				SWIFT_VERSION = 5.0;
				TARGETED_DEVICE_FAMILY = "1,2";
				TEST_TARGET_NAME = QulixSystemsTestTask;
			};
			name = Release;
		};
/* End XCBuildConfiguration section */

/* Begin XCConfigurationList section */
		63AC4B8925D7E30000FBCA3D /* Build configuration list for PBXProject "QulixSystemsTestTask" */ = {
			isa = XCConfigurationList;
			buildConfigurations = (
				63AC4BB625D7E30200FBCA3D /* Debug */,
				63AC4BB725D7E30200FBCA3D /* Release */,
			);
			defaultConfigurationIsVisible = 0;
			defaultConfigurationName = Release;
		};
		63AC4BB825D7E30200FBCA3D /* Build configuration list for PBXNativeTarget "QulixSystemsTestTask" */ = {
			isa = XCConfigurationList;
			buildConfigurations = (
				63AC4BB925D7E30200FBCA3D /* Debug */,
				63AC4BBA25D7E30200FBCA3D /* Release */,
			);
			defaultConfigurationIsVisible = 0;
			defaultConfigurationName = Release;
		};
		63AC4BBB25D7E30200FBCA3D /* Build configuration list for PBXNativeTarget "QulixSystemsTestTaskTests" */ = {
			isa = XCConfigurationList;
			buildConfigurations = (
				63AC4BBC25D7E30200FBCA3D /* Debug */,
				63AC4BBD25D7E30200FBCA3D /* Release */,
			);
			defaultConfigurationIsVisible = 0;
			defaultConfigurationName = Release;
		};
		63AC4BBE25D7E30200FBCA3D /* Build configuration list for PBXNativeTarget "QulixSystemsTestTaskUITests" */ = {
			isa = XCConfigurationList;
			buildConfigurations = (
				63AC4BBF25D7E30200FBCA3D /* Debug */,
				63AC4BC025D7E30200FBCA3D /* Release */,
			);
			defaultConfigurationIsVisible = 0;
			defaultConfigurationName = Release;
		};
/* End XCConfigurationList section */
	};
	rootObject = 63AC4B8625D7E30000FBCA3D /* Project object */;
}
